// !$*UTF8*$!
{
	archiveVersion = 1;
	classes = {
	};
	objectVersion = 50;
	objects = {

/* Begin PBXBuildFile section */
		BBC1A504248513D5001FAF67 /* AppDelegate.swift in Sources */ = {isa = PBXBuildFile; fileRef = BBC1A503248513D5001FAF67 /* AppDelegate.swift */; };
		BBC1A506248513D5001FAF67 /* SceneDelegate.swift in Sources */ = {isa = PBXBuildFile; fileRef = BBC1A505248513D5001FAF67 /* SceneDelegate.swift */; };
		BBC1A508248513D5001FAF67 /* ContentView.swift in Sources */ = {isa = PBXBuildFile; fileRef = BBC1A507248513D5001FAF67 /* ContentView.swift */; };
		BBC1A50A248513D6001FAF67 /* Assets.xcassets in Resources */ = {isa = PBXBuildFile; fileRef = BBC1A509248513D6001FAF67 /* Assets.xcassets */; };
		BBC1A50D248513D6001FAF67 /* Preview Assets.xcassets in Resources */ = {isa = PBXBuildFile; fileRef = BBC1A50C248513D6001FAF67 /* Preview Assets.xcassets */; };
		BBC1A510248513D6001FAF67 /* LaunchScreen.storyboard in Resources */ = {isa = PBXBuildFile; fileRef = BBC1A50E248513D6001FAF67 /* LaunchScreen.storyboard */; };
/* End PBXBuildFile section */

/* Begin PBXFileReference section */
		BBC1A500248513D5001FAF67 /* netflix-redesign2.app */ = {isa = PBXFileReference; explicitFileType = wrapper.application; includeInIndex = 0; path = "netflix-redesign2.app"; sourceTree = BUILT_PRODUCTS_DIR; };
		BBC1A503248513D5001FAF67 /* AppDelegate.swift */ = {isa = PBXFileReference; lastKnownFileType = sourcecode.swift; path = AppDelegate.swift; sourceTree = "<group>"; };
		BBC1A505248513D5001FAF67 /* SceneDelegate.swift */ = {isa = PBXFileReference; lastKnownFileType = sourcecode.swift; path = SceneDelegate.swift; sourceTree = "<group>"; };
		BBC1A507248513D5001FAF67 /* ContentView.swift */ = {isa = PBXFileReference; lastKnownFileType = sourcecode.swift; path = ContentView.swift; sourceTree = "<group>"; };
		BBC1A509248513D6001FAF67 /* Assets.xcassets */ = {isa = PBXFileReference; lastKnownFileType = folder.assetcatalog; path = Assets.xcassets; sourceTree = "<group>"; };
		BBC1A50C248513D6001FAF67 /* Preview Assets.xcassets */ = {isa = PBXFileReference; lastKnownFileType = folder.assetcatalog; path = "Preview Assets.xcassets"; sourceTree = "<group>"; };
		BBC1A50F248513D6001FAF67 /* Base */ = {isa = PBXFileReference; lastKnownFileType = file.storyboard; name = Base; path = Base.lproj/LaunchScreen.storyboard; sourceTree = "<group>"; };
		BBC1A511248513D6001FAF67 /* Info.plist */ = {isa = PBXFileReference; lastKnownFileType = text.plist.xml; path = Info.plist; sourceTree = "<group>"; };
/* End PBXFileReference section */

/* Begin PBXFrameworksBuildPhase section */
		BBC1A4FD248513D5001FAF67 /* Frameworks */ = {
			isa = PBXFrameworksBuildPhase;
			buildActionMask = 2147483647;
			files = (
			);
			runOnlyForDeploymentPostprocessing = 0;
		};
/* End PBXFrameworksBuildPhase section */

/* Begin PBXGroup section */
		BBC1A4F7248513D5001FAF67 = {
			isa = PBXGroup;
			children = (
				BBC1A502248513D5001FAF67 /* netflix-redesign2 */,
				BBC1A501248513D5001FAF67 /* Products */,
			);
			sourceTree = "<group>";
		};
		BBC1A501248513D5001FAF67 /* Products */ = {
			isa = PBXGroup;
			children = (
				BBC1A500248513D5001FAF67 /* netflix-redesign2.app */,
			);
			name = Products;
			sourceTree = "<group>";
		};
		BBC1A502248513D5001FAF67 /* netflix-redesign2 */ = {
			isa = PBXGroup;
			children = (
				BBC1A503248513D5001FAF67 /* AppDelegate.swift */,
				BBC1A505248513D5001FAF67 /* SceneDelegate.swift */,
				BBC1A507248513D5001FAF67 /* ContentView.swift */,
				BBC1A509248513D6001FAF67 /* Assets.xcassets */,
				BBC1A50E248513D6001FAF67 /* LaunchScreen.storyboard */,
				BBC1A511248513D6001FAF67 /* Info.plist */,
				BBC1A50B248513D6001FAF67 /* Preview Content */,
			);
			path = "netflix-redesign2";
			sourceTree = "<group>";
		};
		BBC1A50B248513D6001FAF67 /* Preview Content */ = {
			isa = PBXGroup;
			children = (
				BBC1A50C248513D6001FAF67 /* Preview Assets.xcassets */,
			);
			path = "Preview Content";
			sourceTree = "<group>";
		};
/* End PBXGroup section */

/* Begin PBXNativeTarget section */
		BBC1A4FF248513D5001FAF67 /* netflix-redesign2 */ = {
			isa = PBXNativeTarget;
			buildConfigurationList = BBC1A514248513D6001FAF67 /* Build configuration list for PBXNativeTarget "netflix-redesign2" */;
			buildPhases = (
				BBC1A4FC248513D5001FAF67 /* Sources */,
				BBC1A4FD248513D5001FAF67 /* Frameworks */,
				BBC1A4FE248513D5001FAF67 /* Resources */,
			);
			buildRules = (
			);
			dependencies = (
			);
			name = "netflix-redesign2";
			productName = "netflix-redesign2";
			productReference = BBC1A500248513D5001FAF67 /* netflix-redesign2.app */;
			productType = "com.apple.product-type.application";
		};
/* End PBXNativeTarget section */

/* Begin PBXProject section */
		BBC1A4F8248513D5001FAF67 /* Project object */ = {
			isa = PBXProject;
			attributes = {
				LastSwiftUpdateCheck = 1130;
				LastUpgradeCheck = 1130;
				ORGANIZATIONNAME = Nuna;
				TargetAttributes = {
					BBC1A4FF248513D5001FAF67 = {
						CreatedOnToolsVersion = 11.3.1;
					};
				};
			};
			buildConfigurationList = BBC1A4FB248513D5001FAF67 /* Build configuration list for PBXProject "netflix-redesign2" */;
			compatibilityVersion = "Xcode 9.3";
			developmentRegion = en;
			hasScannedForEncodings = 0;
			knownRegions = (
				en,
				Base,
			);
			mainGroup = BBC1A4F7248513D5001FAF67;
			productRefGroup = BBC1A501248513D5001FAF67 /* Products */;
			projectDirPath = "";
			projectRoot = "";
			targets = (
				BBC1A4FF248513D5001FAF67 /* netflix-redesign2 */,
			);
		};
/* End PBXProject section */

/* Begin PBXResourcesBuildPhase section */
		BBC1A4FE248513D5001FAF67 /* Resources */ = {
			isa = PBXResourcesBuildPhase;
			buildActionMask = 2147483647;
			files = (
				BBC1A510248513D6001FAF67 /* LaunchScreen.storyboard in Resources */,
				BBC1A50D248513D6001FAF67 /* Preview Assets.xcassets in Resources */,
				BBC1A50A248513D6001FAF67 /* Assets.xcassets in Resources */,
			);
			runOnlyForDeploymentPostprocessing = 0;
		};
/* End PBXResourcesBuildPhase section */

/* Begin PBXSourcesBuildPhase section */
		BBC1A4FC248513D5001FAF67 /* Sources */ = {
			isa = PBXSourcesBuildPhase;
			buildActionMask = 2147483647;
			files = (
				BBC1A504248513D5001FAF67 /* AppDelegate.swift in Sources */,
				BBC1A506248513D5001FAF67 /* SceneDelegate.swift in Sources */,
				BBC1A508248513D5001FAF67 /* ContentView.swift in Sources */,
			);
			runOnlyForDeploymentPostprocessing = 0;
		};
/* End PBXSourcesBuildPhase section */

/* Begin PBXVariantGroup section */
		BBC1A50E248513D6001FAF67 /* LaunchScreen.storyboard */ = {
			isa = PBXVariantGroup;
			children = (
				BBC1A50F248513D6001FAF67 /* Base */,
			);
			name = LaunchScreen.storyboard;
			sourceTree = "<group>";
		};
/* End PBXVariantGroup section */

/* Begin XCBuildConfiguration section */
		BBC1A512248513D6001FAF67 /* Debug */ = {
			isa = XCBuildConfiguration;
			buildSettings = {
				ALWAYS_SEARCH_USER_PATHS = NO;
				CLANG_ANALYZER_NONNULL = YES;
				CLANG_ANALYZER_NUMBER_OBJECT_CONVERSION = YES_AGGRESSIVE;
				CLANG_CXX_LANGUAGE_STANDARD = "gnu++14";
				CLANG_CXX_LIBRARY = "libc++";
				CLANG_ENABLE_MODULES = YES;
				CLANG_ENABLE_OBJC_ARC = YES;
				CLANG_ENABLE_OBJC_WEAK = YES;
				CLANG_WARN_BLOCK_CAPTURE_AUTORELEASING = YES;
				CLANG_WARN_BOOL_CONVERSION = YES;
				CLANG_WARN_COMMA = YES;
				CLANG_WARN_CONSTANT_CONVERSION = YES;
				CLANG_WARN_DEPRECATED_OBJC_IMPLEMENTATIONS = YES;
				CLANG_WARN_DIRECT_OBJC_ISA_USAGE = YES_ERROR;
				CLANG_WARN_DOCUMENTATION_COMMENTS = YES;
				CLANG_WARN_EMPTY_BODY = YES;
				CLANG_WARN_ENUM_CONVERSION = YES;
				CLANG_WARN_INFINITE_RECURSION = YES;
				CLANG_WARN_INT_CONVERSION = YES;
				CLANG_WARN_NON_LITERAL_NULL_CONVERSION = YES;
				CLANG_WARN_OBJC_IMPLICIT_RETAIN_SELF = YES;
				CLANG_WARN_OBJC_LITERAL_CONVERSION = YES;
				CLANG_WARN_OBJC_ROOT_CLASS = YES_ERROR;
				CLANG_WARN_RANGE_LOOP_ANALYSIS = YES;
				CLANG_WARN_STRICT_PROTOTYPES = YES;
				CLANG_WARN_SUSPICIOUS_MOVE = YES;
				CLANG_WARN_UNGUARDED_AVAILABILITY = YES_AGGRESSIVE;
				CLANG_WARN_UNREACHABLE_CODE = YES;
				CLANG_WARN__DUPLICATE_METHOD_MATCH = YES;
				COPY_PHASE_STRIP = NO;
				DEBUG_INFORMATION_FORMAT = dwarf;
				ENABLE_STRICT_OBJC_MSGSEND = YES;
				ENABLE_TESTABILITY = YES;
				GCC_C_LANGUAGE_STANDARD = gnu11;
				GCC_DYNAMIC_NO_PIC = NO;
				GCC_NO_COMMON_BLOCKS = YES;
				GCC_OPTIMIZATION_LEVEL = 0;
				GCC_PREPROCESSOR_DEFINITIONS = (
					"DEBUG=1",
					"$(inherited)",
				);
				GCC_WARN_64_TO_32_BIT_CONVERSION = YES;
				GCC_WARN_ABOUT_RETURN_TYPE = YES_ERROR;
				GCC_WARN_UNDECLARED_SELECTOR = YES;
				GCC_WARN_UNINITIALIZED_AUTOS = YES_AGGRESSIVE;
				GCC_WARN_UNUSED_FUNCTION = YES;
				GCC_WARN_UNUSED_VARIABLE = YES;
				IPHONEOS_DEPLOYMENT_TARGET = 13.2;
				MTL_ENABLE_DEBUG_INFO = INCLUDE_SOURCE;
				MTL_FAST_MATH = YES;
				ONLY_ACTIVE_ARCH = YES;
				SDKROOT = iphoneos;
				SWIFT_ACTIVE_COMPILATION_CONDITIONS = DEBUG;
				SWIFT_OPTIMIZATION_LEVEL = "-Onone";
			};
			name = Debug;
		};
		BBC1A513248513D6001FAF67 /* Release */ = {
			isa = XCBuildConfiguration;
			buildSettings = {
				ALWAYS_SEARCH_USER_PATHS = NO;
				CLANG_ANALYZER_NONNULL = YES;
				CLANG_ANALYZER_NUMBER_OBJECT_CONVERSION = YES_AGGRESSIVE;
				CLANG_CXX_LANGUAGE_STANDARD = "gnu++14";
				CLANG_CXX_LIBRARY = "libc++";
				CLANG_ENABLE_MODULES = YES;
				CLANG_ENABLE_OBJC_ARC = YES;
				CLANG_ENABLE_OBJC_WEAK = YES;
				CLANG_WARN_BLOCK_CAPTURE_AUTORELEASING = YES;
				CLANG_WARN_BOOL_CONVERSION = YES;
				CLANG_WARN_COMMA = YES;
				CLANG_WARN_CONSTANT_CONVERSION = YES;
				CLANG_WARN_DEPRECATED_OBJC_IMPLEMENTATIONS = YES;
				CLANG_WARN_DIRECT_OBJC_ISA_USAGE = YES_ERROR;
				CLANG_WARN_DOCUMENTATION_COMMENTS = YES;
				CLANG_WARN_EMPTY_BODY = YES;
				CLANG_WARN_ENUM_CONVERSION = YES;
				CLANG_WARN_INFINITE_RECURSION = YES;
				CLANG_WARN_INT_CONVERSION = YES;
				CLANG_WARN_NON_LITERAL_NULL_CONVERSION = YES;
				CLANG_WARN_OBJC_IMPLICIT_RETAIN_SELF = YES;
				CLANG_WARN_OBJC_LITERAL_CONVERSION = YES;
				CLANG_WARN_OBJC_ROOT_CLASS = YES_ERROR;
				CLANG_WARN_RANGE_LOOP_ANALYSIS = YES;
				CLANG_WARN_STRICT_PROTOTYPES = YES;
				CLANG_WARN_SUSPICIOUS_MOVE = YES;
				CLANG_WARN_UNGUARDED_AVAILABILITY = YES_AGGRESSIVE;
				CLANG_WARN_UNREACHABLE_CODE = YES;
				CLANG_WARN__DUPLICATE_METHOD_MATCH = YES;
				COPY_PHASE_STRIP = NO;
				DEBUG_INFORMATION_FORMAT = "dwarf-with-dsym";
				ENABLE_NS_ASSERTIONS = NO;
				ENABLE_STRICT_OBJC_MSGSEND = YES;
				GCC_C_LANGUAGE_STANDARD = gnu11;
				GCC_NO_COMMON_BLOCKS = YES;
				GCC_WARN_64_TO_32_BIT_CONVERSION = YES;
				GCC_WARN_ABOUT_RETURN_TYPE = YES_ERROR;
				GCC_WARN_UNDECLARED_SELECTOR = YES;
				GCC_WARN_UNINITIALIZED_AUTOS = YES_AGGRESSIVE;
				GCC_WARN_UNUSED_FUNCTION = YES;
				GCC_WARN_UNUSED_VARIABLE = YES;
				IPHONEOS_DEPLOYMENT_TARGET = 13.2;
				MTL_ENABLE_DEBUG_INFO = NO;
				MTL_FAST_MATH = YES;
				SDKROOT = iphoneos;
				SWIFT_COMPILATION_MODE = wholemodule;
				SWIFT_OPTIMIZATION_LEVEL = "-O";
				VALIDATE_PRODUCT = YES;
			};
			name = Release;
		};
		BBC1A515248513D6001FAF67 /* Debug */ = {
			isa = XCBuildConfiguration;
			buildSettings = {
				ASSETCATALOG_COMPILER_APPICON_NAME = AppIcon;
				CODE_SIGN_STYLE = Automatic;
				DEVELOPMENT_ASSET_PATHS = "\"netflix-redesign2/Preview Content\"";
				DEVELOPMENT_TEAM = 6J38RRTHC2;
				ENABLE_PREVIEWS = YES;
				INFOPLIST_FILE = "netflix-redesign2/Info.plist";
				LD_RUNPATH_SEARCH_PATHS = (
					"$(inherited)",
					"@executable_path/Frameworks",
				);
				PRODUCT_BUNDLE_IDENTIFIER = "id.learn.swiftui.netflix-redesign2";
				PRODUCT_NAME = "$(TARGET_NAME)";
				SWIFT_VERSION = 5.0;
				TARGETED_DEVICE_FAMILY = "1,2";
			};
			name = Debug;
		};
		BBC1A516248513D6001FAF67 /* Release */ = {
			isa = XCBuildConfiguration;
			buildSettings = {
				ASSETCATALOG_COMPILER_APPICON_NAME = AppIcon;
				CODE_SIGN_STYLE = Automatic;
				DEVELOPMENT_ASSET_PATHS = "\"netflix-redesign2/Preview Content\"";
				DEVELOPMENT_TEAM = 6J38RRTHC2;
				ENABLE_PREVIEWS = YES;
				INFOPLIST_FILE = "netflix-redesign2/Info.plist";
				LD_RUNPATH_SEARCH_PATHS = (
					"$(inherited)",
					"@executable_path/Frameworks",
				);
				PRODUCT_BUNDLE_IDENTIFIER = "id.learn.swiftui.netflix-redesign2";
				PRODUCT_NAME = "$(TARGET_NAME)";
				SWIFT_VERSION = 5.0;
				TARGETED_DEVICE_FAMILY = "1,2";
			};
			name = Release;
		};
/* End XCBuildConfiguration section */

/* Begin XCConfigurationList section */
		BBC1A4FB248513D5001FAF67 /* Build configuration list for PBXProject "netflix-redesign2" */ = {
			isa = XCConfigurationList;
			buildConfigurations = (
				BBC1A512248513D6001FAF67 /* Debug */,
				BBC1A513248513D6001FAF67 /* Release */,
			);
			defaultConfigurationIsVisible = 0;
			defaultConfigurationName = Release;
		};
		BBC1A514248513D6001FAF67 /* Build configuration list for PBXNativeTarget "netflix-redesign2" */ = {
			isa = XCConfigurationList;
			buildConfigurations = (
				BBC1A515248513D6001FAF67 /* Debug */,
				BBC1A516248513D6001FAF67 /* Release */,
			);
			defaultConfigurationIsVisible = 0;
			defaultConfigurationName = Release;
		};
/* End XCConfigurationList section */
	};
	rootObject = BBC1A4F8248513D5001FAF67 /* Project object */;
}
